Microsoft Visual Studio Solution File, Format Version 12.00
# Visual Studio 2012
Project("{FAE04EC0-301F-11D3-BF4B-00C04F79EFBC}") = "BabelRush", "BabelRush\BabelRush.csproj", "{67BE5C08-C10B-4A58-8B10-34E3272B48E9}"
EndProject
Project("{FAE04EC0-301F-11D3-BF4B-00C04F79EFBC}") = "KirisameLib", "KirisameLib\KirisameLib.csproj", "{E10077D8-2881-41FB-BD18-1C981FC98386}"
EndProject
Global
	GlobalSection(SolutionConfigurationPlatforms) = preSolution
	Debug|Any CPU = Debug|Any CPU
	ExportDebug|Any CPU = ExportDebug|Any CPU
	ExportRelease|Any CPU = ExportRelease|Any CPU
	EndGlobalSection
	GlobalSection(ProjectConfigurationPlatforms) = postSolution
		{67BE5C08-C10B-4A58-8B10-34E3272B48E9}.Debug|Any CPU.ActiveCfg = Debug|Any CPU
		{67BE5C08-C10B-4A58-8B10-34E3272B48E9}.Debug|Any CPU.Build.0 = Debug|Any CPU
		{67BE5C08-C10B-4A58-8B10-34E3272B48E9}.ExportDebug|Any CPU.ActiveCfg = ExportDebug|Any CPU
		{67BE5C08-C10B-4A58-8B10-34E3272B48E9}.ExportDebug|Any CPU.Build.0 = ExportDebug|Any CPU
		{67BE5C08-C10B-4A58-8B10-34E3272B48E9}.ExportRelease|Any CPU.ActiveCfg = ExportRelease|Any CPU
		{67BE5C08-C10B-4A58-8B10-34E3272B48E9}.ExportRelease|Any CPU.Build.0 = ExportRelease|Any CPU
		{E10077D8-2881-41FB-BD18-1C981FC98386}.Debug|Any CPU.ActiveCfg = Debug|Any CPU
		{E10077D8-2881-41FB-BD18-1C981FC98386}.Debug|Any CPU.Build.0 = Debug|Any CPU
		{E10077D8-2881-41FB-BD18-1C981FC98386}.ExportDebug|Any CPU.ActiveCfg = Debug|Any CPU
		{E10077D8-2881-41FB-BD18-1C981FC98386}.ExportDebug|Any CPU.Build.0 = Debug|Any CPU
		{E10077D8-2881-41FB-BD18-1C981FC98386}.ExportRelease|Any CPU.ActiveCfg = Debug|Any CPU
		{E10077D8-2881-41FB-BD18-1C981FC98386}.ExportRelease|Any CPU.Build.0 = Debug|Any CPU
	EndGlobalSection
EndGlobal
